
Microsoft Visual Studio Solution File, Format Version 12.00
# Visual Studio 15
VisualStudioVersion = 15.0.27703.2042
MinimumVisualStudioVersion = 10.0.40219.1
Project("{FAE04EC0-301F-11D3-BF4B-00C04F79EFBC}") = "ReportTesting", "ReportTesting\ReportTesting.csproj", "{24B73833-8F8B-4D0A-AE45-29DF423E4352}"
EndProject
Global
	GlobalSection(SolutionConfigurationPlatforms) = preSolution
		Debug|Any CPU = Debug|Any CPU
		Release|Any CPU = Release|Any CPU
	EndGlobalSection
	GlobalSection(ProjectConfigurationPlatforms) = postSolution
		{24B73833-8F8B-4D0A-AE45-29DF423E4352}.Debug|Any CPU.ActiveCfg = Debug|Any CPU
		{24B73833-8F8B-4D0A-AE45-29DF423E4352}.Debug|Any CPU.Build.0 = Debug|Any CPU
		{24B73833-8F8B-4D0A-AE45-29DF423E4352}.Release|Any CPU.ActiveCfg = Release|Any CPU
		{24B73833-8F8B-4D0A-AE45-29DF423E4352}.Release|Any CPU.Build.0 = Release|Any CPU
	EndGlobalSection
	GlobalSection(SolutionProperties) = preSolution
		HideSolutionNode = FALSE
	EndGlobalSection
	GlobalSection(ExtensibilityGlobals) = postSolution
		SolutionGuid = {4DB1E5BF-56AE-47F2-8CD4-E69323C5C718}
	EndGlobalSection
EndGlobal
